
Microsoft Visual Studio Solution File, Format Version 12.00
# Visual Studio 15
VisualStudioVersion = 15.0.28307.779
MinimumVisualStudioVersion = 10.0.40219.1
Project("{2150E333-8FDC-42A3-9474-1A3956D46DE8}") = "Test files", "Test files", "{31523F01-8337-4DDE-A05B-181483C8436A}"
	ProjectSection(SolutionItems) = preProject
		Test files\DetailedReport_2019-09-20_12_42_38.csv = Test files\DetailedReport_2019-09-20_12_42_38.csv
		Test files\Fildrev.csv = Test files\Fildrev.csv
		Test files\Puls og Sharepoint.csv = Test files\Puls og Sharepoint.csv
	EndProjectSection
EndProject
Project("{FAE04EC0-301F-11D3-BF4B-00C04F79EFBC}") = "GdprService", "GdprService\GdprService.csproj", "{6DA2775B-CC64-40C5-8DF0-2E43572C5F73}"
EndProject
Project("{FAE04EC0-301F-11D3-BF4B-00C04F79EFBC}") = "GdprServiceTests", "GdprServiceTests\GdprServiceTests.csproj", "{F1EE9483-3949-4B86-A58E-48024A618E69}"
EndProject
Global
	GlobalSection(SolutionConfigurationPlatforms) = preSolution
		Debug|Any CPU = Debug|Any CPU
		Release|Any CPU = Release|Any CPU
	EndGlobalSection
	GlobalSection(ProjectConfigurationPlatforms) = postSolution
		{6DA2775B-CC64-40C5-8DF0-2E43572C5F73}.Debug|Any CPU.ActiveCfg = Debug|Any CPU
		{6DA2775B-CC64-40C5-8DF0-2E43572C5F73}.Debug|Any CPU.Build.0 = Debug|Any CPU
		{6DA2775B-CC64-40C5-8DF0-2E43572C5F73}.Release|Any CPU.ActiveCfg = Release|Any CPU
		{6DA2775B-CC64-40C5-8DF0-2E43572C5F73}.Release|Any CPU.Build.0 = Release|Any CPU
		{F1EE9483-3949-4B86-A58E-48024A618E69}.Debug|Any CPU.ActiveCfg = Debug|Any CPU
		{F1EE9483-3949-4B86-A58E-48024A618E69}.Debug|Any CPU.Build.0 = Debug|Any CPU
		{F1EE9483-3949-4B86-A58E-48024A618E69}.Release|Any CPU.ActiveCfg = Release|Any CPU
		{F1EE9483-3949-4B86-A58E-48024A618E69}.Release|Any CPU.Build.0 = Release|Any CPU
	EndGlobalSection
	GlobalSection(SolutionProperties) = preSolution
		HideSolutionNode = FALSE
	EndGlobalSection
	GlobalSection(ExtensibilityGlobals) = postSolution
		SolutionGuid = {95B981BF-E87C-4C99-82F3-04A8F3FF45CB}
	EndGlobalSection
EndGlobal
